// !$*UTF8*$!
{
	archiveVersion = 1;
	classes = {
	};
	objectVersion = 46;
	objects = {

/* Begin PBXBuildFile section */
		67AB6D1C18C5189F005E8D36 /* Foundation.framework in Frameworks */ = {isa = PBXBuildFile; fileRef = 67AB6D1B18C5189F005E8D36 /* Foundation.framework */; };
		67AB6D1E18C5189F005E8D36 /* CoreGraphics.framework in Frameworks */ = {isa = PBXBuildFile; fileRef = 67AB6D1D18C5189F005E8D36 /* CoreGraphics.framework */; };
		67AB6D2018C5189F005E8D36 /* UIKit.framework in Frameworks */ = {isa = PBXBuildFile; fileRef = 67AB6D1F18C5189F005E8D36 /* UIKit.framework */; };
		67AB6D2618C5189F005E8D36 /* InfoPlist.strings in Resources */ = {isa = PBXBuildFile; fileRef = 67AB6D2418C5189F005E8D36 /* InfoPlist.strings */; };
		67AB6D2818C5189F005E8D36 /* main.m in Sources */ = {isa = PBXBuildFile; fileRef = 67AB6D2718C5189F005E8D36 /* main.m */; };
		67AB6D2C18C5189F005E8D36 /* ILAppDelegate.m in Sources */ = {isa = PBXBuildFile; fileRef = 67AB6D2B18C5189F005E8D36 /* ILAppDelegate.m */; };
		67AB6D2E18C5189F005E8D36 /* Images.xcassets in Resources */ = {isa = PBXBuildFile; fileRef = 67AB6D2D18C5189F005E8D36 /* Images.xcassets */; };
		67AB6D8418C52131005E8D36 /* PDFSerializer.m in Sources */ = {isa = PBXBuildFile; fileRef = 67AB6D5B18C52131005E8D36 /* PDFSerializer.m */; };
		67AB6D8518C52131005E8D36 /* PDFViewController.m in Sources */ = {isa = PBXBuildFile; fileRef = 67AB6D5D18C52131005E8D36 /* PDFViewController.m */; };
		67AB6D8818C52131005E8D36 /* PDFDocument.m in Sources */ = {isa = PBXBuildFile; fileRef = 67AB6D6418C52131005E8D36 /* PDFDocument.m */; };
		67AB6D8918C52131005E8D36 /* PDFForm.m in Sources */ = {isa = PBXBuildFile; fileRef = 67AB6D6618C52131005E8D36 /* PDFForm.m */; };
		67AB6D8B18C52131005E8D36 /* PDFFormContainer.m in Sources */ = {isa = PBXBuildFile; fileRef = 67AB6D6A18C52131005E8D36 /* PDFFormContainer.m */; };
		67AB6D8D18C52131005E8D36 /* PDFPage.m in Sources */ = {isa = PBXBuildFile; fileRef = 67AB6D6E18C52131005E8D36 /* PDFPage.m */; };
		67AB6D8F18C52131005E8D36 /* PDFObjectParser.m in Sources */ = {isa = PBXBuildFile; fileRef = 67AB6D7418C52131005E8D36 /* PDFObjectParser.m */; };
		67AB6D9018C52131005E8D36 /* PDFUtility.m in Sources */ = {isa = PBXBuildFile; fileRef = 67AB6D7618C52131005E8D36 /* PDFUtility.m */; };
		67AB6D9118C52131005E8D36 /* PDFFormButtonField.m in Sources */ = {isa = PBXBuildFile; fileRef = 67AB6D7918C52131005E8D36 /* PDFFormButtonField.m */; };
		67AB6D9218C52131005E8D36 /* PDFFormChoiceField.m in Sources */ = {isa = PBXBuildFile; fileRef = 67AB6D7B18C52131005E8D36 /* PDFFormChoiceField.m */; };
		67AB6D9318C52131005E8D36 /* PDFFormSignatureField.m in Sources */ = {isa = PBXBuildFile; fileRef = 67AB6D7D18C52131005E8D36 /* PDFFormSignatureField.m */; };
		67AB6D9418C52131005E8D36 /* PDFFormTextField.m in Sources */ = {isa = PBXBuildFile; fileRef = 67AB6D7F18C52131005E8D36 /* PDFFormTextField.m */; };
		67AB6D9518C52131005E8D36 /* PDFView.m in Sources */ = {isa = PBXBuildFile; fileRef = 67AB6D8118C52131005E8D36 /* PDFView.m */; };
		67AB6D9618C52131005E8D36 /* PDFWidgetAnnotationView.m in Sources */ = {isa = PBXBuildFile; fileRef = 67AB6D8318C52131005E8D36 /* PDFWidgetAnnotationView.m */; };
		8F1FD4F01AB371FF004184CE /* testA.pdf in Resources */ = {isa = PBXBuildFile; fileRef = 8F1FD4EF1AB371FF004184CE /* testA.pdf */; };
		8F7AB4DA1AA0AA94008C2AA3 /* PDFArray.m in Sources */ = {isa = PBXBuildFile; fileRef = 8F7AB4CC1AA0AA94008C2AA3 /* PDFArray.m */; };
		8F7AB4DB1AA0AA94008C2AA3 /* PDFDictionary.m in Sources */ = {isa = PBXBuildFile; fileRef = 8F7AB4CE1AA0AA94008C2AA3 /* PDFDictionary.m */; };
		8F7AB4DC1AA0AA94008C2AA3 /* PDFName.m in Sources */ = {isa = PBXBuildFile; fileRef = 8F7AB4D01AA0AA94008C2AA3 /* PDFName.m */; };
		8F7AB4DD1AA0AA94008C2AA3 /* PDFNull.m in Sources */ = {isa = PBXBuildFile; fileRef = 8F7AB4D21AA0AA94008C2AA3 /* PDFNull.m */; };
		8F7AB4DE1AA0AA94008C2AA3 /* PDFNumber.m in Sources */ = {isa = PBXBuildFile; fileRef = 8F7AB4D41AA0AA94008C2AA3 /* PDFNumber.m */; };
		8F7AB4DF1AA0AA94008C2AA3 /* PDFStream.m in Sources */ = {isa = PBXBuildFile; fileRef = 8F7AB4D71AA0AA94008C2AA3 /* PDFStream.m */; };
		8F7AB4E01AA0AA94008C2AA3 /* PDFString.m in Sources */ = {isa = PBXBuildFile; fileRef = 8F7AB4D91AA0AA94008C2AA3 /* PDFString.m */; };
/* End PBXBuildFile section */

/* Begin PBXFileReference section */
		67AB6D1818C5189F005E8D36 /* ILPDFKitSample.app */ = {isa = PBXFileReference; explicitFileType = wrapper.application; includeInIndex = 0; path = ILPDFKitSample.app; sourceTree = BUILT_PRODUCTS_DIR; };
		67AB6D1B18C5189F005E8D36 /* Foundation.framework */ = {isa = PBXFileReference; lastKnownFileType = wrapper.framework; name = Foundation.framework; path = System/Library/Frameworks/Foundation.framework; sourceTree = SDKROOT; };
		67AB6D1D18C5189F005E8D36 /* CoreGraphics.framework */ = {isa = PBXFileReference; lastKnownFileType = wrapper.framework; name = CoreGraphics.framework; path = System/Library/Frameworks/CoreGraphics.framework; sourceTree = SDKROOT; };
		67AB6D1F18C5189F005E8D36 /* UIKit.framework */ = {isa = PBXFileReference; lastKnownFileType = wrapper.framework; name = UIKit.framework; path = System/Library/Frameworks/UIKit.framework; sourceTree = SDKROOT; };
		67AB6D2318C5189F005E8D36 /* ILPDFKitSample-Info.plist */ = {isa = PBXFileReference; lastKnownFileType = text.plist.xml; path = "ILPDFKitSample-Info.plist"; sourceTree = "<group>"; };
		67AB6D2518C5189F005E8D36 /* en */ = {isa = PBXFileReference; lastKnownFileType = text.plist.strings; name = en; path = en.lproj/InfoPlist.strings; sourceTree = "<group>"; };
		67AB6D2718C5189F005E8D36 /* main.m */ = {isa = PBXFileReference; lastKnownFileType = sourcecode.c.objc; path = main.m; sourceTree = "<group>"; };
		67AB6D2918C5189F005E8D36 /* ILPDFKitSample-Prefix.pch */ = {isa = PBXFileReference; lastKnownFileType = sourcecode.c.h; path = "ILPDFKitSample-Prefix.pch"; sourceTree = "<group>"; };
		67AB6D2A18C5189F005E8D36 /* ILAppDelegate.h */ = {isa = PBXFileReference; lastKnownFileType = sourcecode.c.h; path = ILAppDelegate.h; sourceTree = "<group>"; };
		67AB6D2B18C5189F005E8D36 /* ILAppDelegate.m */ = {isa = PBXFileReference; lastKnownFileType = sourcecode.c.objc; path = ILAppDelegate.m; sourceTree = "<group>"; };
		67AB6D2D18C5189F005E8D36 /* Images.xcassets */ = {isa = PBXFileReference; lastKnownFileType = folder.assetcatalog; path = Images.xcassets; sourceTree = "<group>"; };
		67AB6D5A18C52131005E8D36 /* PDFSerializer.h */ = {isa = PBXFileReference; fileEncoding = 4; lastKnownFileType = sourcecode.c.h; path = PDFSerializer.h; sourceTree = "<group>"; };
		67AB6D5B18C52131005E8D36 /* PDFSerializer.m */ = {isa = PBXFileReference; fileEncoding = 4; lastKnownFileType = sourcecode.c.objc; path = PDFSerializer.m; sourceTree = "<group>"; };
		67AB6D5C18C52131005E8D36 /* PDFViewController.h */ = {isa = PBXFileReference; fileEncoding = 4; lastKnownFileType = sourcecode.c.h; path = PDFViewController.h; sourceTree = "<group>"; };
		67AB6D5D18C52131005E8D36 /* PDFViewController.m */ = {isa = PBXFileReference; fileEncoding = 4; lastKnownFileType = sourcecode.c.objc; path = PDFViewController.m; sourceTree = "<group>"; };
		67AB6D6318C52131005E8D36 /* PDFDocument.h */ = {isa = PBXFileReference; fileEncoding = 4; lastKnownFileType = sourcecode.c.h; path = PDFDocument.h; sourceTree = "<group>"; };
		67AB6D6418C52131005E8D36 /* PDFDocument.m */ = {isa = PBXFileReference; fileEncoding = 4; lastKnownFileType = sourcecode.c.objc; path = PDFDocument.m; sourceTree = "<group>"; };
		67AB6D6518C52131005E8D36 /* PDFForm.h */ = {isa = PBXFileReference; fileEncoding = 4; lastKnownFileType = sourcecode.c.h; path = PDFForm.h; sourceTree = "<group>"; };
		67AB6D6618C52131005E8D36 /* PDFForm.m */ = {isa = PBXFileReference; fileEncoding = 4; lastKnownFileType = sourcecode.c.objc; path = PDFForm.m; sourceTree = "<group>"; };
		67AB6D6918C52131005E8D36 /* PDFFormContainer.h */ = {isa = PBXFileReference; fileEncoding = 4; lastKnownFileType = sourcecode.c.h; path = PDFFormContainer.h; sourceTree = "<group>"; };
		67AB6D6A18C52131005E8D36 /* PDFFormContainer.m */ = {isa = PBXFileReference; fileEncoding = 4; lastKnownFileType = sourcecode.c.objc; path = PDFFormContainer.m; sourceTree = "<group>"; };
		67AB6D6D18C52131005E8D36 /* PDFPage.h */ = {isa = PBXFileReference; fileEncoding = 4; lastKnownFileType = sourcecode.c.h; path = PDFPage.h; sourceTree = "<group>"; };
		67AB6D6E18C52131005E8D36 /* PDFPage.m */ = {isa = PBXFileReference; fileEncoding = 4; lastKnownFileType = sourcecode.c.objc; path = PDFPage.m; sourceTree = "<group>"; };
		67AB6D7118C52131005E8D36 /* PDF.h */ = {isa = PBXFileReference; fileEncoding = 4; lastKnownFileType = sourcecode.c.h; path = PDF.h; sourceTree = "<group>"; };
		67AB6D7318C52131005E8D36 /* PDFObjectParser.h */ = {isa = PBXFileReference; fileEncoding = 4; lastKnownFileType = sourcecode.c.h; path = PDFObjectParser.h; sourceTree = "<group>"; };
		67AB6D7418C52131005E8D36 /* PDFObjectParser.m */ = {isa = PBXFileReference; fileEncoding = 4; lastKnownFileType = sourcecode.c.objc; path = PDFObjectParser.m; sourceTree = "<group>"; };
		67AB6D7518C52131005E8D36 /* PDFUtility.h */ = {isa = PBXFileReference; fileEncoding = 4; lastKnownFileType = sourcecode.c.h; path = PDFUtility.h; sourceTree = "<group>"; };
		67AB6D7618C52131005E8D36 /* PDFUtility.m */ = {isa = PBXFileReference; fileEncoding = 4; lastKnownFileType = sourcecode.c.objc; path = PDFUtility.m; sourceTree = "<group>"; };
		67AB6D7818C52131005E8D36 /* PDFFormButtonField.h */ = {isa = PBXFileReference; fileEncoding = 4; lastKnownFileType = sourcecode.c.h; path = PDFFormButtonField.h; sourceTree = "<group>"; };
		67AB6D7918C52131005E8D36 /* PDFFormButtonField.m */ = {isa = PBXFileReference; fileEncoding = 4; lastKnownFileType = sourcecode.c.objc; path = PDFFormButtonField.m; sourceTree = "<group>"; };
		67AB6D7A18C52131005E8D36 /* PDFFormChoiceField.h */ = {isa = PBXFileReference; fileEncoding = 4; lastKnownFileType = sourcecode.c.h; path = PDFFormChoiceField.h; sourceTree = "<group>"; };
		67AB6D7B18C52131005E8D36 /* PDFFormChoiceField.m */ = {isa = PBXFileReference; fileEncoding = 4; lastKnownFileType = sourcecode.c.objc; path = PDFFormChoiceField.m; sourceTree = "<group>"; };
		67AB6D7C18C52131005E8D36 /* PDFFormSignatureField.h */ = {isa = PBXFileReference; fileEncoding = 4; lastKnownFileType = sourcecode.c.h; path = PDFFormSignatureField.h; sourceTree = "<group>"; };
		67AB6D7D18C52131005E8D36 /* PDFFormSignatureField.m */ = {isa = PBXFileReference; fileEncoding = 4; lastKnownFileType = sourcecode.c.objc; path = PDFFormSignatureField.m; sourceTree = "<group>"; };
		67AB6D7E18C52131005E8D36 /* PDFFormTextField.h */ = {isa = PBXFileReference; fileEncoding = 4; lastKnownFileType = sourcecode.c.h; path = PDFFormTextField.h; sourceTree = "<group>"; };
		67AB6D7F18C52131005E8D36 /* PDFFormTextField.m */ = {isa = PBXFileReference; fileEncoding = 4; lastKnownFileType = sourcecode.c.objc; path = PDFFormTextField.m; sourceTree = "<group>"; };
		67AB6D8018C52131005E8D36 /* PDFView.h */ = {isa = PBXFileReference; fileEncoding = 4; lastKnownFileType = sourcecode.c.h; path = PDFView.h; sourceTree = "<group>"; };
		67AB6D8118C52131005E8D36 /* PDFView.m */ = {isa = PBXFileReference; fileEncoding = 4; lastKnownFileType = sourcecode.c.objc; path = PDFView.m; sourceTree = "<group>"; };
		67AB6D8218C52131005E8D36 /* PDFWidgetAnnotationView.h */ = {isa = PBXFileReference; fileEncoding = 4; lastKnownFileType = sourcecode.c.h; path = PDFWidgetAnnotationView.h; sourceTree = "<group>"; };
		67AB6D8318C52131005E8D36 /* PDFWidgetAnnotationView.m */ = {isa = PBXFileReference; fileEncoding = 4; lastKnownFileType = sourcecode.c.objc; path = PDFWidgetAnnotationView.m; sourceTree = "<group>"; };
		8F1FD4EF1AB371FF004184CE /* testA.pdf */ = {isa = PBXFileReference; lastKnownFileType = image.pdf; path = testA.pdf; sourceTree = "<group>"; };
		8F7AB4CB1AA0AA94008C2AA3 /* PDFArray.h */ = {isa = PBXFileReference; fileEncoding = 4; lastKnownFileType = sourcecode.c.h; path = PDFArray.h; sourceTree = "<group>"; };
		8F7AB4CC1AA0AA94008C2AA3 /* PDFArray.m */ = {isa = PBXFileReference; fileEncoding = 4; lastKnownFileType = sourcecode.c.objc; path = PDFArray.m; sourceTree = "<group>"; };
		8F7AB4CD1AA0AA94008C2AA3 /* PDFDictionary.h */ = {isa = PBXFileReference; fileEncoding = 4; lastKnownFileType = sourcecode.c.h; path = PDFDictionary.h; sourceTree = "<group>"; };
		8F7AB4CE1AA0AA94008C2AA3 /* PDFDictionary.m */ = {isa = PBXFileReference; fileEncoding = 4; lastKnownFileType = sourcecode.c.objc; path = PDFDictionary.m; sourceTree = "<group>"; };
		8F7AB4CF1AA0AA94008C2AA3 /* PDFName.h */ = {isa = PBXFileReference; fileEncoding = 4; lastKnownFileType = sourcecode.c.h; path = PDFName.h; sourceTree = "<group>"; };
		8F7AB4D01AA0AA94008C2AA3 /* PDFName.m */ = {isa = PBXFileReference; fileEncoding = 4; lastKnownFileType = sourcecode.c.objc; path = PDFName.m; sourceTree = "<group>"; };
		8F7AB4D11AA0AA94008C2AA3 /* PDFNull.h */ = {isa = PBXFileReference; fileEncoding = 4; lastKnownFileType = sourcecode.c.h; path = PDFNull.h; sourceTree = "<group>"; };
		8F7AB4D21AA0AA94008C2AA3 /* PDFNull.m */ = {isa = PBXFileReference; fileEncoding = 4; lastKnownFileType = sourcecode.c.objc; path = PDFNull.m; sourceTree = "<group>"; };
		8F7AB4D31AA0AA94008C2AA3 /* PDFNumber.h */ = {isa = PBXFileReference; fileEncoding = 4; lastKnownFileType = sourcecode.c.h; path = PDFNumber.h; sourceTree = "<group>"; };
		8F7AB4D41AA0AA94008C2AA3 /* PDFNumber.m */ = {isa = PBXFileReference; fileEncoding = 4; lastKnownFileType = sourcecode.c.objc; path = PDFNumber.m; sourceTree = "<group>"; };
		8F7AB4D51AA0AA94008C2AA3 /* PDFObject.h */ = {isa = PBXFileReference; fileEncoding = 4; lastKnownFileType = sourcecode.c.h; path = PDFObject.h; sourceTree = "<group>"; };
		8F7AB4D61AA0AA94008C2AA3 /* PDFStream.h */ = {isa = PBXFileReference; fileEncoding = 4; lastKnownFileType = sourcecode.c.h; path = PDFStream.h; sourceTree = "<group>"; };
		8F7AB4D71AA0AA94008C2AA3 /* PDFStream.m */ = {isa = PBXFileReference; fileEncoding = 4; lastKnownFileType = sourcecode.c.objc; path = PDFStream.m; sourceTree = "<group>"; };
		8F7AB4D81AA0AA94008C2AA3 /* PDFString.h */ = {isa = PBXFileReference; fileEncoding = 4; lastKnownFileType = sourcecode.c.h; path = PDFString.h; sourceTree = "<group>"; };
		8F7AB4D91AA0AA94008C2AA3 /* PDFString.m */ = {isa = PBXFileReference; fileEncoding = 4; lastKnownFileType = sourcecode.c.objc; path = PDFString.m; sourceTree = "<group>"; };
/* End PBXFileReference section */

/* Begin PBXFrameworksBuildPhase section */
		67AB6D1518C5189F005E8D36 /* Frameworks */ = {
			isa = PBXFrameworksBuildPhase;
			buildActionMask = 2147483647;
			files = (
				67AB6D1E18C5189F005E8D36 /* CoreGraphics.framework in Frameworks */,
				67AB6D2018C5189F005E8D36 /* UIKit.framework in Frameworks */,
				67AB6D1C18C5189F005E8D36 /* Foundation.framework in Frameworks */,
			);
			runOnlyForDeploymentPostprocessing = 0;
		};
/* End PBXFrameworksBuildPhase section */

/* Begin PBXGroup section */
		67AB6D0F18C5189F005E8D36 = {
			isa = PBXGroup;
			children = (
				67AB6D5818C52131005E8D36 /* ILPDFKit */,
				67AB6D2118C5189F005E8D36 /* ILPDFKitSample */,
				67AB6D1A18C5189F005E8D36 /* Frameworks */,
				67AB6D1918C5189F005E8D36 /* Products */,
			);
			sourceTree = "<group>";
		};
		67AB6D1918C5189F005E8D36 /* Products */ = {
			isa = PBXGroup;
			children = (
				67AB6D1818C5189F005E8D36 /* ILPDFKitSample.app */,
			);
			name = Products;
			sourceTree = "<group>";
		};
		67AB6D1A18C5189F005E8D36 /* Frameworks */ = {
			isa = PBXGroup;
			children = (
				67AB6D1B18C5189F005E8D36 /* Foundation.framework */,
				67AB6D1D18C5189F005E8D36 /* CoreGraphics.framework */,
				67AB6D1F18C5189F005E8D36 /* UIKit.framework */,
			);
			name = Frameworks;
			sourceTree = "<group>";
		};
		67AB6D2118C5189F005E8D36 /* ILPDFKitSample */ = {
			isa = PBXGroup;
			children = (
				67AB6D2A18C5189F005E8D36 /* ILAppDelegate.h */,
				67AB6D2B18C5189F005E8D36 /* ILAppDelegate.m */,
				67AB6D2D18C5189F005E8D36 /* Images.xcassets */,
				67AB6D2218C5189F005E8D36 /* Supporting Files */,
			);
			path = ILPDFKitSample;
			sourceTree = "<group>";
		};
		67AB6D2218C5189F005E8D36 /* Supporting Files */ = {
			isa = PBXGroup;
			children = (
				8F1FD4EF1AB371FF004184CE /* testA.pdf */,
				67AB6D2318C5189F005E8D36 /* ILPDFKitSample-Info.plist */,
				67AB6D2418C5189F005E8D36 /* InfoPlist.strings */,
				67AB6D2718C5189F005E8D36 /* main.m */,
				67AB6D2918C5189F005E8D36 /* ILPDFKitSample-Prefix.pch */,
			);
			name = "Supporting Files";
			sourceTree = "<group>";
		};
		67AB6D5818C52131005E8D36 /* ILPDFKit */ = {
			isa = PBXGroup;
			children = (
				67AB6D5918C52131005E8D36 /* Controller */,
				67AB6D5E18C52131005E8D36 /* Model */,
				67AB6D7118C52131005E8D36 /* PDF.h */,
				67AB6D7218C52131005E8D36 /* Utility */,
				67AB6D7718C52131005E8D36 /* View */,
			);
			name = ILPDFKit;
			path = ../ILPDFKit;
			sourceTree = "<group>";
		};
		67AB6D5918C52131005E8D36 /* Controller */ = {
			isa = PBXGroup;
			children = (
				67AB6D5A18C52131005E8D36 /* PDFSerializer.h */,
				67AB6D5B18C52131005E8D36 /* PDFSerializer.m */,
				67AB6D5C18C52131005E8D36 /* PDFViewController.h */,
				67AB6D5D18C52131005E8D36 /* PDFViewController.m */,
			);
			path = Controller;
			sourceTree = "<group>";
		};
		67AB6D5E18C52131005E8D36 /* Model */ = {
			isa = PBXGroup;
			children = (
				8F7AB4CA1AA0AA94008C2AA3 /* Objects */,
				67AB6D6318C52131005E8D36 /* PDFDocument.h */,
				67AB6D6418C52131005E8D36 /* PDFDocument.m */,
				67AB6D6518C52131005E8D36 /* PDFForm.h */,
				67AB6D6618C52131005E8D36 /* PDFForm.m */,
				67AB6D6918C52131005E8D36 /* PDFFormContainer.h */,
				67AB6D6A18C52131005E8D36 /* PDFFormContainer.m */,
				67AB6D6D18C52131005E8D36 /* PDFPage.h */,
				67AB6D6E18C52131005E8D36 /* PDFPage.m */,
			);
			path = Model;
			sourceTree = "<group>";
		};
		67AB6D7218C52131005E8D36 /* Utility */ = {
			isa = PBXGroup;
			children = (
				67AB6D7318C52131005E8D36 /* PDFObjectParser.h */,
				67AB6D7418C52131005E8D36 /* PDFObjectParser.m */,
				67AB6D7518C52131005E8D36 /* PDFUtility.h */,
				67AB6D7618C52131005E8D36 /* PDFUtility.m */,
			);
			path = Utility;
			sourceTree = "<group>";
		};
		67AB6D7718C52131005E8D36 /* View */ = {
			isa = PBXGroup;
			children = (
				67AB6D7818C52131005E8D36 /* PDFFormButtonField.h */,
				67AB6D7918C52131005E8D36 /* PDFFormButtonField.m */,
				67AB6D7A18C52131005E8D36 /* PDFFormChoiceField.h */,
				67AB6D7B18C52131005E8D36 /* PDFFormChoiceField.m */,
				67AB6D7C18C52131005E8D36 /* PDFFormSignatureField.h */,
				67AB6D7D18C52131005E8D36 /* PDFFormSignatureField.m */,
				67AB6D7E18C52131005E8D36 /* PDFFormTextField.h */,
				67AB6D7F18C52131005E8D36 /* PDFFormTextField.m */,
				67AB6D8018C52131005E8D36 /* PDFView.h */,
				67AB6D8118C52131005E8D36 /* PDFView.m */,
				67AB6D8218C52131005E8D36 /* PDFWidgetAnnotationView.h */,
				67AB6D8318C52131005E8D36 /* PDFWidgetAnnotationView.m */,
			);
			path = View;
			sourceTree = "<group>";
		};
		8F7AB4CA1AA0AA94008C2AA3 /* Objects */ = {
			isa = PBXGroup;
			children = (
				8F7AB4CB1AA0AA94008C2AA3 /* PDFArray.h */,
				8F7AB4CC1AA0AA94008C2AA3 /* PDFArray.m */,
				8F7AB4CD1AA0AA94008C2AA3 /* PDFDictionary.h */,
				8F7AB4CE1AA0AA94008C2AA3 /* PDFDictionary.m */,
				8F7AB4CF1AA0AA94008C2AA3 /* PDFName.h */,
				8F7AB4D01AA0AA94008C2AA3 /* PDFName.m */,
				8F7AB4D11AA0AA94008C2AA3 /* PDFNull.h */,
				8F7AB4D21AA0AA94008C2AA3 /* PDFNull.m */,
				8F7AB4D31AA0AA94008C2AA3 /* PDFNumber.h */,
				8F7AB4D41AA0AA94008C2AA3 /* PDFNumber.m */,
				8F7AB4D51AA0AA94008C2AA3 /* PDFObject.h */,
				8F7AB4D61AA0AA94008C2AA3 /* PDFStream.h */,
				8F7AB4D71AA0AA94008C2AA3 /* PDFStream.m */,
				8F7AB4D81AA0AA94008C2AA3 /* PDFString.h */,
				8F7AB4D91AA0AA94008C2AA3 /* PDFString.m */,
			);
			path = Objects;
			sourceTree = "<group>";
		};
/* End PBXGroup section */

/* Begin PBXNativeTarget section */
		67AB6D1718C5189F005E8D36 /* ILPDFKitSample */ = {
			isa = PBXNativeTarget;
			buildConfigurationList = 67AB6D4418C5189F005E8D36 /* Build configuration list for PBXNativeTarget "ILPDFKitSample" */;
			buildPhases = (
				67AB6D1418C5189F005E8D36 /* Sources */,
				67AB6D1518C5189F005E8D36 /* Frameworks */,
				67AB6D1618C5189F005E8D36 /* Resources */,
			);
			buildRules = (
			);
			dependencies = (
			);
			name = ILPDFKitSample;
			productName = ILPDFKitSample;
			productReference = 67AB6D1818C5189F005E8D36 /* ILPDFKitSample.app */;
			productType = "com.apple.product-type.application";
		};
/* End PBXNativeTarget section */

/* Begin PBXProject section */
		67AB6D1018C5189F005E8D36 /* Project object */ = {
			isa = PBXProject;
			attributes = {
				CLASSPREFIX = IL;
				LastUpgradeCheck = 0510;
				ORGANIZATIONNAME = "Iwe Labs";
			};
			buildConfigurationList = 67AB6D1318C5189F005E8D36 /* Build configuration list for PBXProject "ILPDFKitSample" */;
			compatibilityVersion = "Xcode 3.2";
			developmentRegion = English;
			hasScannedForEncodings = 0;
			knownRegions = (
				en,
			);
			mainGroup = 67AB6D0F18C5189F005E8D36;
			productRefGroup = 67AB6D1918C5189F005E8D36 /* Products */;
			projectDirPath = "";
			projectRoot = "";
			targets = (
				67AB6D1718C5189F005E8D36 /* ILPDFKitSample */,
			);
		};
/* End PBXProject section */

/* Begin PBXResourcesBuildPhase section */
		67AB6D1618C5189F005E8D36 /* Resources */ = {
			isa = PBXResourcesBuildPhase;
			buildActionMask = 2147483647;
			files = (
				67AB6D2618C5189F005E8D36 /* InfoPlist.strings in Resources */,
				67AB6D2E18C5189F005E8D36 /* Images.xcassets in Resources */,
				8F1FD4F01AB371FF004184CE /* testA.pdf in Resources */,
			);
			runOnlyForDeploymentPostprocessing = 0;
		};
/* End PBXResourcesBuildPhase section */

/* Begin PBXSourcesBuildPhase section */
		67AB6D1418C5189F005E8D36 /* Sources */ = {
			isa = PBXSourcesBuildPhase;
			buildActionMask = 2147483647;
			files = (
				8F7AB4DC1AA0AA94008C2AA3 /* PDFName.m in Sources */,
				67AB6D8418C52131005E8D36 /* PDFSerializer.m in Sources */,
				8F7AB4DE1AA0AA94008C2AA3 /* PDFNumber.m in Sources */,
				67AB6D8818C52131005E8D36 /* PDFDocument.m in Sources */,
				8F7AB4DF1AA0AA94008C2AA3 /* PDFStream.m in Sources */,
				67AB6D8918C52131005E8D36 /* PDFForm.m in Sources */,
				67AB6D9518C52131005E8D36 /* PDFView.m in Sources */,
				8F7AB4DB1AA0AA94008C2AA3 /* PDFDictionary.m in Sources */,
				67AB6D9018C52131005E8D36 /* PDFUtility.m in Sources */,
				67AB6D8B18C52131005E8D36 /* PDFFormContainer.m in Sources */,
				67AB6D8D18C52131005E8D36 /* PDFPage.m in Sources */,
				67AB6D2818C5189F005E8D36 /* main.m in Sources */,
				8F7AB4E01AA0AA94008C2AA3 /* PDFString.m in Sources */,
				67AB6D8F18C52131005E8D36 /* PDFObjectParser.m in Sources */,
				67AB6D2C18C5189F005E8D36 /* ILAppDelegate.m in Sources */,
				67AB6D9418C52131005E8D36 /* PDFFormTextField.m in Sources */,
				8F7AB4DA1AA0AA94008C2AA3 /* PDFArray.m in Sources */,
				67AB6D9118C52131005E8D36 /* PDFFormButtonField.m in Sources */,
				67AB6D9318C52131005E8D36 /* PDFFormSignatureField.m in Sources */,
				67AB6D9218C52131005E8D36 /* PDFFormChoiceField.m in Sources */,
				8F7AB4DD1AA0AA94008C2AA3 /* PDFNull.m in Sources */,
				67AB6D9618C52131005E8D36 /* PDFWidgetAnnotationView.m in Sources */,
				67AB6D8518C52131005E8D36 /* PDFViewController.m in Sources */,
			);
			runOnlyForDeploymentPostprocessing = 0;
		};
/* End PBXSourcesBuildPhase section */

/* Begin PBXVariantGroup section */
		67AB6D2418C5189F005E8D36 /* InfoPlist.strings */ = {
			isa = PBXVariantGroup;
			children = (
				67AB6D2518C5189F005E8D36 /* en */,
			);
			name = InfoPlist.strings;
			sourceTree = "<group>";
		};
/* End PBXVariantGroup section */

/* Begin XCBuildConfiguration section */
		67AB6D4218C5189F005E8D36 /* Debug */ = {
			isa = XCBuildConfiguration;
			buildSettings = {
				ALWAYS_SEARCH_USER_PATHS = NO;
				CLANG_CXX_LANGUAGE_STANDARD = "gnu++0x";
				CLANG_CXX_LIBRARY = "libc++";
				CLANG_ENABLE_MODULES = YES;
				CLANG_ENABLE_OBJC_ARC = YES;
				CLANG_WARN_BOOL_CONVERSION = YES;
				CLANG_WARN_CONSTANT_CONVERSION = YES;
				CLANG_WARN_DIRECT_OBJC_ISA_USAGE = YES_ERROR;
				CLANG_WARN_EMPTY_BODY = YES;
				CLANG_WARN_ENUM_CONVERSION = YES;
				CLANG_WARN_INT_CONVERSION = YES;
				CLANG_WARN_OBJC_ROOT_CLASS = YES_ERROR;
				CLANG_WARN__DUPLICATE_METHOD_MATCH = YES;
				CODE_SIGN_IDENTITY = "";
				"CODE_SIGN_IDENTITY[sdk=iphoneos*]" = "";
				COPY_PHASE_STRIP = NO;
				GCC_C_LANGUAGE_STANDARD = gnu99;
				GCC_DYNAMIC_NO_PIC = NO;
				GCC_OPTIMIZATION_LEVEL = 0;
				GCC_PREPROCESSOR_DEFINITIONS = (
					"DEBUG=1",
					"$(inherited)",
				);
				GCC_SYMBOLS_PRIVATE_EXTERN = NO;
				GCC_WARN_64_TO_32_BIT_CONVERSION = YES;
				GCC_WARN_ABOUT_RETURN_TYPE = YES_ERROR;
				GCC_WARN_UNDECLARED_SELECTOR = YES;
				GCC_WARN_UNINITIALIZED_AUTOS = YES;
				GCC_WARN_UNUSED_FUNCTION = YES;
				GCC_WARN_UNUSED_VARIABLE = YES;
				IPHONEOS_DEPLOYMENT_TARGET = 7.0;
				ONLY_ACTIVE_ARCH = YES;
				SDKROOT = iphoneos;
				TARGETED_DEVICE_FAMILY = "1,2";
				USER_HEADER_SEARCH_PATHS = "";
			};
			name = Debug;
		};
		67AB6D4318C5189F005E8D36 /* Release */ = {
			isa = XCBuildConfiguration;
			buildSettings = {
				ALWAYS_SEARCH_USER_PATHS = NO;
				CLANG_CXX_LANGUAGE_STANDARD = "gnu++0x";
				CLANG_CXX_LIBRARY = "libc++";
				CLANG_ENABLE_MODULES = YES;
				CLANG_ENABLE_OBJC_ARC = YES;
				CLANG_WARN_BOOL_CONVERSION = YES;
				CLANG_WARN_CONSTANT_CONVERSION = YES;
				CLANG_WARN_DIRECT_OBJC_ISA_USAGE = YES_ERROR;
				CLANG_WARN_EMPTY_BODY = YES;
				CLANG_WARN_ENUM_CONVERSION = YES;
				CLANG_WARN_INT_CONVERSION = YES;
				CLANG_WARN_OBJC_ROOT_CLASS = YES_ERROR;
				CLANG_WARN__DUPLICATE_METHOD_MATCH = YES;
				"CODE_SIGN_IDENTITY[sdk=iphoneos*]" = "iPhone Developer";
				COPY_PHASE_STRIP = YES;
				ENABLE_NS_ASSERTIONS = NO;
				GCC_C_LANGUAGE_STANDARD = gnu99;
				GCC_WARN_64_TO_32_BIT_CONVERSION = YES;
				GCC_WARN_ABOUT_RETURN_TYPE = YES_ERROR;
				GCC_WARN_UNDECLARED_SELECTOR = YES;
				GCC_WARN_UNINITIALIZED_AUTOS = YES;
				GCC_WARN_UNUSED_FUNCTION = YES;
				GCC_WARN_UNUSED_VARIABLE = YES;
				IPHONEOS_DEPLOYMENT_TARGET = 7.0;
				SDKROOT = iphoneos;
				TARGETED_DEVICE_FAMILY = "1,2";
				USER_HEADER_SEARCH_PATHS = "";
				VALIDATE_PRODUCT = YES;
			};
			name = Release;
		};
		67AB6D4518C5189F005E8D36 /* Debug */ = {
			isa = XCBuildConfiguration;
			buildSettings = {
				ALWAYS_SEARCH_USER_PATHS = NO;
				ASSETCATALOG_COMPILER_APPICON_NAME = AppIcon;
				ASSETCATALOG_COMPILER_LAUNCHIMAGE_NAME = LaunchImage;
				CODE_SIGN_IDENTITY = "";
				"CODE_SIGN_IDENTITY[sdk=iphoneos*]" = "";
				GCC_PRECOMPILE_PREFIX_HEADER = YES;
				GCC_PREFIX_HEADER = "ILPDFKitSample/ILPDFKitSample-Prefix.pch";
				INFOPLIST_FILE = "ILPDFKitSample/ILPDFKitSample-Info.plist";
				PRODUCT_NAME = "$(TARGET_NAME)";
				USER_HEADER_SEARCH_PATHS = "";
				WRAPPER_EXTENSION = app;
			};
			name = Debug;
		};
		67AB6D4618C5189F005E8D36 /* Release */ = {
			isa = XCBuildConfiguration;
			buildSettings = {
				ALWAYS_SEARCH_USER_PATHS = NO;
				ASSETCATALOG_COMPILER_APPICON_NAME = AppIcon;
				ASSETCATALOG_COMPILER_LAUNCHIMAGE_NAME = LaunchImage;
				GCC_PRECOMPILE_PREFIX_HEADER = YES;
				GCC_PREFIX_HEADER = "ILPDFKitSample/ILPDFKitSample-Prefix.pch";
				INFOPLIST_FILE = "ILPDFKitSample/ILPDFKitSample-Info.plist";
				PRODUCT_NAME = "$(TARGET_NAME)";
				USER_HEADER_SEARCH_PATHS = "";
				WRAPPER_EXTENSION = app;
			};
			name = Release;
		};
/* End XCBuildConfiguration section */

/* Begin XCConfigurationList section */
		67AB6D1318C5189F005E8D36 /* Build configuration list for PBXProject "ILPDFKitSample" */ = {
			isa = XCConfigurationList;
			buildConfigurations = (
				67AB6D4218C5189F005E8D36 /* Debug */,
				67AB6D4318C5189F005E8D36 /* Release */,
			);
			defaultConfigurationIsVisible = 0;
			defaultConfigurationName = Release;
		};
		67AB6D4418C5189F005E8D36 /* Build configuration list for PBXNativeTarget "ILPDFKitSample" */ = {
			isa = XCConfigurationList;
			buildConfigurations = (
				67AB6D4518C5189F005E8D36 /* Debug */,
				67AB6D4618C5189F005E8D36 /* Release */,
			);
			defaultConfigurationIsVisible = 0;
			defaultConfigurationName = Release;
		};
/* End XCConfigurationList section */
	};
	rootObject = 67AB6D1018C5189F005E8D36 /* Project object */;
}
