// !$*UTF8*$!
{
	archiveVersion = 1;
	classes = {
	};
	objectVersion = 46;
	objects = {

/* Begin PBXBuildFile section */
		8F26D919185E7CB9005C00A4 /* Foundation.framework in Frameworks */ = {isa = PBXBuildFile; fileRef = 8F26D918185E7CB9005C00A4 /* Foundation.framework */; };
		8F26D91E185E7CB9005C00A4 /* ILPDFKit.h in CopyFiles */ = {isa = PBXBuildFile; fileRef = 8F26D91D185E7CB9005C00A4 /* ILPDFKit.h */; };
		8F26D920185E7CB9005C00A4 /* ILPDFKit.m in Sources */ = {isa = PBXBuildFile; fileRef = 8F26D91F185E7CB9005C00A4 /* ILPDFKit.m */; };
		8F26D927185E7CB9005C00A4 /* XCTest.framework in Frameworks */ = {isa = PBXBuildFile; fileRef = 8F26D926185E7CB9005C00A4 /* XCTest.framework */; };
		8F26D928185E7CB9005C00A4 /* Foundation.framework in Frameworks */ = {isa = PBXBuildFile; fileRef = 8F26D918185E7CB9005C00A4 /* Foundation.framework */; };
		8F26D92A185E7CB9005C00A4 /* UIKit.framework in Frameworks */ = {isa = PBXBuildFile; fileRef = 8F26D929185E7CB9005C00A4 /* UIKit.framework */; };
		8F26D92D185E7CB9005C00A4 /* libILPDFKit.a in Frameworks */ = {isa = PBXBuildFile; fileRef = 8F26D915185E7CB9005C00A4 /* libILPDFKit.a */; };
		8F26D933185E7CB9005C00A4 /* InfoPlist.strings in Resources */ = {isa = PBXBuildFile; fileRef = 8F26D931185E7CB9005C00A4 /* InfoPlist.strings */; };
		8F26D935185E7CB9005C00A4 /* ILPDFKitTests.m in Sources */ = {isa = PBXBuildFile; fileRef = 8F26D934185E7CB9005C00A4 /* ILPDFKitTests.m */; };
/* End PBXBuildFile section */

/* Begin PBXContainerItemProxy section */
		8F26D92B185E7CB9005C00A4 /* PBXContainerItemProxy */ = {
			isa = PBXContainerItemProxy;
			containerPortal = 8F26D90D185E7CB9005C00A4 /* Project object */;
			proxyType = 1;
			remoteGlobalIDString = 8F26D914185E7CB9005C00A4;
			remoteInfo = ILPDFKit;
		};
/* End PBXContainerItemProxy section */

/* Begin PBXCopyFilesBuildPhase section */
		8F26D913185E7CB9005C00A4 /* CopyFiles */ = {
			isa = PBXCopyFilesBuildPhase;
			buildActionMask = 2147483647;
			dstPath = "include/$(PRODUCT_NAME)";
			dstSubfolderSpec = 16;
			files = (
				8F26D91E185E7CB9005C00A4 /* ILPDFKit.h in CopyFiles */,
			);
			runOnlyForDeploymentPostprocessing = 0;
		};
/* End PBXCopyFilesBuildPhase section */

/* Begin PBXFileReference section */
		8F26D915185E7CB9005C00A4 /* libILPDFKit.a */ = {isa = PBXFileReference; explicitFileType = archive.ar; includeInIndex = 0; path = libILPDFKit.a; sourceTree = BUILT_PRODUCTS_DIR; };
		8F26D918185E7CB9005C00A4 /* Foundation.framework */ = {isa = PBXFileReference; lastKnownFileType = wrapper.framework; name = Foundation.framework; path = System/Library/Frameworks/Foundation.framework; sourceTree = SDKROOT; };
		8F26D91C185E7CB9005C00A4 /* ILPDFKit-Prefix.pch */ = {isa = PBXFileReference; lastKnownFileType = sourcecode.c.h; path = "ILPDFKit-Prefix.pch"; sourceTree = "<group>"; };
		8F26D91D185E7CB9005C00A4 /* ILPDFKit.h */ = {isa = PBXFileReference; lastKnownFileType = sourcecode.c.h; path = ILPDFKit.h; sourceTree = "<group>"; };
		8F26D91F185E7CB9005C00A4 /* ILPDFKit.m */ = {isa = PBXFileReference; lastKnownFileType = sourcecode.c.objc; path = ILPDFKit.m; sourceTree = "<group>"; };
		8F26D925185E7CB9005C00A4 /* ILPDFKitTests.xctest */ = {isa = PBXFileReference; explicitFileType = wrapper.cfbundle; includeInIndex = 0; path = ILPDFKitTests.xctest; sourceTree = BUILT_PRODUCTS_DIR; };
		8F26D926185E7CB9005C00A4 /* XCTest.framework */ = {isa = PBXFileReference; lastKnownFileType = wrapper.framework; name = XCTest.framework; path = Library/Frameworks/XCTest.framework; sourceTree = DEVELOPER_DIR; };
		8F26D929185E7CB9005C00A4 /* UIKit.framework */ = {isa = PBXFileReference; lastKnownFileType = wrapper.framework; name = UIKit.framework; path = Library/Frameworks/UIKit.framework; sourceTree = DEVELOPER_DIR; };
		8F26D930185E7CB9005C00A4 /* ILPDFKitTests-Info.plist */ = {isa = PBXFileReference; lastKnownFileType = text.plist.xml; path = "ILPDFKitTests-Info.plist"; sourceTree = "<group>"; };
		8F26D932185E7CB9005C00A4 /* en */ = {isa = PBXFileReference; lastKnownFileType = text.plist.strings; name = en; path = en.lproj/InfoPlist.strings; sourceTree = "<group>"; };
		8F26D934185E7CB9005C00A4 /* ILPDFKitTests.m */ = {isa = PBXFileReference; lastKnownFileType = sourcecode.c.objc; path = ILPDFKitTests.m; sourceTree = "<group>"; };
/* End PBXFileReference section */

/* Begin PBXFrameworksBuildPhase section */
		8F26D912185E7CB9005C00A4 /* Frameworks */ = {
			isa = PBXFrameworksBuildPhase;
			buildActionMask = 2147483647;
			files = (
				8F26D919185E7CB9005C00A4 /* Foundation.framework in Frameworks */,
			);
			runOnlyForDeploymentPostprocessing = 0;
		};
		8F26D922185E7CB9005C00A4 /* Frameworks */ = {
			isa = PBXFrameworksBuildPhase;
			buildActionMask = 2147483647;
			files = (
				8F26D927185E7CB9005C00A4 /* XCTest.framework in Frameworks */,
				8F26D92A185E7CB9005C00A4 /* UIKit.framework in Frameworks */,
				8F26D92D185E7CB9005C00A4 /* libILPDFKit.a in Frameworks */,
				8F26D928185E7CB9005C00A4 /* Foundation.framework in Frameworks */,
			);
			runOnlyForDeploymentPostprocessing = 0;
		};
/* End PBXFrameworksBuildPhase section */

/* Begin PBXGroup section */
		8F26D90C185E7CB9005C00A4 = {
			isa = PBXGroup;
			children = (
				8F26D91A185E7CB9005C00A4 /* ILPDFKit */,
				8F26D92E185E7CB9005C00A4 /* ILPDFKitTests */,
				8F26D917185E7CB9005C00A4 /* Frameworks */,
				8F26D916185E7CB9005C00A4 /* Products */,
			);
			sourceTree = "<group>";
		};
		8F26D916185E7CB9005C00A4 /* Products */ = {
			isa = PBXGroup;
			children = (
				8F26D915185E7CB9005C00A4 /* libILPDFKit.a */,
				8F26D925185E7CB9005C00A4 /* ILPDFKitTests.xctest */,
			);
			name = Products;
			sourceTree = "<group>";
		};
		8F26D917185E7CB9005C00A4 /* Frameworks */ = {
			isa = PBXGroup;
			children = (
				8F26D918185E7CB9005C00A4 /* Foundation.framework */,
				8F26D926185E7CB9005C00A4 /* XCTest.framework */,
				8F26D929185E7CB9005C00A4 /* UIKit.framework */,
			);
			name = Frameworks;
			sourceTree = "<group>";
		};
		8F26D91A185E7CB9005C00A4 /* ILPDFKit */ = {
			isa = PBXGroup;
			children = (
				8F26D91D185E7CB9005C00A4 /* ILPDFKit.h */,
				8F26D91F185E7CB9005C00A4 /* ILPDFKit.m */,
				8F26D91B185E7CB9005C00A4 /* Supporting Files */,
			);
			path = ILPDFKit;
			sourceTree = "<group>";
		};
		8F26D91B185E7CB9005C00A4 /* Supporting Files */ = {
			isa = PBXGroup;
			children = (
				8F26D91C185E7CB9005C00A4 /* ILPDFKit-Prefix.pch */,
			);
			name = "Supporting Files";
			sourceTree = "<group>";
		};
		8F26D92E185E7CB9005C00A4 /* ILPDFKitTests */ = {
			isa = PBXGroup;
			children = (
				8F26D934185E7CB9005C00A4 /* ILPDFKitTests.m */,
				8F26D92F185E7CB9005C00A4 /* Supporting Files */,
			);
			path = ILPDFKitTests;
			sourceTree = "<group>";
		};
		8F26D92F185E7CB9005C00A4 /* Supporting Files */ = {
			isa = PBXGroup;
			children = (
				8F26D930185E7CB9005C00A4 /* ILPDFKitTests-Info.plist */,
				8F26D931185E7CB9005C00A4 /* InfoPlist.strings */,
			);
			name = "Supporting Files";
			sourceTree = "<group>";
		};
/* End PBXGroup section */

/* Begin PBXNativeTarget section */
		8F26D914185E7CB9005C00A4 /* ILPDFKit */ = {
			isa = PBXNativeTarget;
			buildConfigurationList = 8F26D938185E7CB9005C00A4 /* Build configuration list for PBXNativeTarget "ILPDFKit" */;
			buildPhases = (
				8F26D911185E7CB9005C00A4 /* Sources */,
				8F26D912185E7CB9005C00A4 /* Frameworks */,
				8F26D913185E7CB9005C00A4 /* CopyFiles */,
			);
			buildRules = (
			);
			dependencies = (
			);
			name = ILPDFKit;
			productName = ILPDFKit;
			productReference = 8F26D915185E7CB9005C00A4 /* libILPDFKit.a */;
			productType = "com.apple.product-type.library.static";
		};
		8F26D924185E7CB9005C00A4 /* ILPDFKitTests */ = {
			isa = PBXNativeTarget;
			buildConfigurationList = 8F26D93B185E7CB9005C00A4 /* Build configuration list for PBXNativeTarget "ILPDFKitTests" */;
			buildPhases = (
				8F26D921185E7CB9005C00A4 /* Sources */,
				8F26D922185E7CB9005C00A4 /* Frameworks */,
				8F26D923185E7CB9005C00A4 /* Resources */,
			);
			buildRules = (
			);
			dependencies = (
				8F26D92C185E7CB9005C00A4 /* PBXTargetDependency */,
			);
			name = ILPDFKitTests;
			productName = ILPDFKitTests;
			productReference = 8F26D925185E7CB9005C00A4 /* ILPDFKitTests.xctest */;
			productType = "com.apple.product-type.bundle.unit-test";
		};
/* End PBXNativeTarget section */

/* Begin PBXProject section */
		8F26D90D185E7CB9005C00A4 /* Project object */ = {
			isa = PBXProject;
			attributes = {
				LastUpgradeCheck = 0500;
				ORGANIZATIONNAME = iwelabs;
			};
			buildConfigurationList = 8F26D910185E7CB9005C00A4 /* Build configuration list for PBXProject "ILPDFKit" */;
			compatibilityVersion = "Xcode 3.2";
			developmentRegion = English;
			hasScannedForEncodings = 0;
			knownRegions = (
				en,
			);
			mainGroup = 8F26D90C185E7CB9005C00A4;
			productRefGroup = 8F26D916185E7CB9005C00A4 /* Products */;
			projectDirPath = "";
			projectRoot = "";
			targets = (
				8F26D914185E7CB9005C00A4 /* ILPDFKit */,
				8F26D924185E7CB9005C00A4 /* ILPDFKitTests */,
			);
		};
/* End PBXProject section */

/* Begin PBXResourcesBuildPhase section */
		8F26D923185E7CB9005C00A4 /* Resources */ = {
			isa = PBXResourcesBuildPhase;
			buildActionMask = 2147483647;
			files = (
				8F26D933185E7CB9005C00A4 /* InfoPlist.strings in Resources */,
			);
			runOnlyForDeploymentPostprocessing = 0;
		};
/* End PBXResourcesBuildPhase section */

/* Begin PBXSourcesBuildPhase section */
		8F26D911185E7CB9005C00A4 /* Sources */ = {
			isa = PBXSourcesBuildPhase;
			buildActionMask = 2147483647;
			files = (
				8F26D920185E7CB9005C00A4 /* ILPDFKit.m in Sources */,
			);
			runOnlyForDeploymentPostprocessing = 0;
		};
		8F26D921185E7CB9005C00A4 /* Sources */ = {
			isa = PBXSourcesBuildPhase;
			buildActionMask = 2147483647;
			files = (
				8F26D935185E7CB9005C00A4 /* ILPDFKitTests.m in Sources */,
			);
			runOnlyForDeploymentPostprocessing = 0;
		};
/* End PBXSourcesBuildPhase section */

/* Begin PBXTargetDependency section */
		8F26D92C185E7CB9005C00A4 /* PBXTargetDependency */ = {
			isa = PBXTargetDependency;
			target = 8F26D914185E7CB9005C00A4 /* ILPDFKit */;
			targetProxy = 8F26D92B185E7CB9005C00A4 /* PBXContainerItemProxy */;
		};
/* End PBXTargetDependency section */

/* Begin PBXVariantGroup section */
		8F26D931185E7CB9005C00A4 /* InfoPlist.strings */ = {
			isa = PBXVariantGroup;
			children = (
				8F26D932185E7CB9005C00A4 /* en */,
			);
			name = InfoPlist.strings;
			sourceTree = "<group>";
		};
/* End PBXVariantGroup section */

/* Begin XCBuildConfiguration section */
		8F26D936185E7CB9005C00A4 /* Debug */ = {
			isa = XCBuildConfiguration;
			buildSettings = {
				ALWAYS_SEARCH_USER_PATHS = NO;
				ARCHS = "$(ARCHS_STANDARD_INCLUDING_64_BIT)";
				CLANG_CXX_LANGUAGE_STANDARD = "gnu++0x";
				CLANG_CXX_LIBRARY = "libc++";
				CLANG_ENABLE_MODULES = YES;
				CLANG_ENABLE_OBJC_ARC = YES;
				CLANG_WARN_BOOL_CONVERSION = YES;
				CLANG_WARN_CONSTANT_CONVERSION = YES;
				CLANG_WARN_DIRECT_OBJC_ISA_USAGE = YES_ERROR;
				CLANG_WARN_EMPTY_BODY = YES;
				CLANG_WARN_ENUM_CONVERSION = YES;
				CLANG_WARN_INT_CONVERSION = YES;
				CLANG_WARN_OBJC_ROOT_CLASS = YES_ERROR;
				CLANG_WARN__DUPLICATE_METHOD_MATCH = YES;
				COPY_PHASE_STRIP = NO;
				GCC_C_LANGUAGE_STANDARD = gnu99;
				GCC_DYNAMIC_NO_PIC = NO;
				GCC_OPTIMIZATION_LEVEL = 0;
				GCC_PREPROCESSOR_DEFINITIONS = (
					"DEBUG=1",
					"$(inherited)",
				);
				GCC_SYMBOLS_PRIVATE_EXTERN = NO;
				GCC_WARN_64_TO_32_BIT_CONVERSION = YES;
				GCC_WARN_ABOUT_RETURN_TYPE = YES_ERROR;
				GCC_WARN_UNDECLARED_SELECTOR = YES;
				GCC_WARN_UNINITIALIZED_AUTOS = YES;
				GCC_WARN_UNUSED_FUNCTION = YES;
				GCC_WARN_UNUSED_VARIABLE = YES;
				IPHONEOS_DEPLOYMENT_TARGET = 7.0;
				ONLY_ACTIVE_ARCH = YES;
				SDKROOT = iphoneos;
			};
			name = Debug;
		};
		8F26D937185E7CB9005C00A4 /* Release */ = {
			isa = XCBuildConfiguration;
			buildSettings = {
				ALWAYS_SEARCH_USER_PATHS = NO;
				ARCHS = "$(ARCHS_STANDARD_INCLUDING_64_BIT)";
				CLANG_CXX_LANGUAGE_STANDARD = "gnu++0x";
				CLANG_CXX_LIBRARY = "libc++";
				CLANG_ENABLE_MODULES = YES;
				CLANG_ENABLE_OBJC_ARC = YES;
				CLANG_WARN_BOOL_CONVERSION = YES;
				CLANG_WARN_CONSTANT_CONVERSION = YES;
				CLANG_WARN_DIRECT_OBJC_ISA_USAGE = YES_ERROR;
				CLANG_WARN_EMPTY_BODY = YES;
				CLANG_WARN_ENUM_CONVERSION = YES;
				CLANG_WARN_INT_CONVERSION = YES;
				CLANG_WARN_OBJC_ROOT_CLASS = YES_ERROR;
				CLANG_WARN__DUPLICATE_METHOD_MATCH = YES;
				COPY_PHASE_STRIP = YES;
				ENABLE_NS_ASSERTIONS = NO;
				GCC_C_LANGUAGE_STANDARD = gnu99;
				GCC_WARN_64_TO_32_BIT_CONVERSION = YES;
				GCC_WARN_ABOUT_RETURN_TYPE = YES_ERROR;
				GCC_WARN_UNDECLARED_SELECTOR = YES;
				GCC_WARN_UNINITIALIZED_AUTOS = YES;
				GCC_WARN_UNUSED_FUNCTION = YES;
				GCC_WARN_UNUSED_VARIABLE = YES;
				IPHONEOS_DEPLOYMENT_TARGET = 7.0;
				SDKROOT = iphoneos;
				VALIDATE_PRODUCT = YES;
			};
			name = Release;
		};
		8F26D939185E7CB9005C00A4 /* Debug */ = {
			isa = XCBuildConfiguration;
			buildSettings = {
				DSTROOT = /tmp/ILPDFKit.dst;
				GCC_PRECOMPILE_PREFIX_HEADER = YES;
				GCC_PREFIX_HEADER = "ILPDFKit/ILPDFKit-Prefix.pch";
				OTHER_LDFLAGS = "-ObjC";
				PRODUCT_NAME = "$(TARGET_NAME)";
				SKIP_INSTALL = YES;
			};
			name = Debug;
		};
		8F26D93A185E7CB9005C00A4 /* Release */ = {
			isa = XCBuildConfiguration;
			buildSettings = {
				DSTROOT = /tmp/ILPDFKit.dst;
				GCC_PRECOMPILE_PREFIX_HEADER = YES;
				GCC_PREFIX_HEADER = "ILPDFKit/ILPDFKit-Prefix.pch";
				OTHER_LDFLAGS = "-ObjC";
				PRODUCT_NAME = "$(TARGET_NAME)";
				SKIP_INSTALL = YES;
			};
			name = Release;
		};
		8F26D93C185E7CB9005C00A4 /* Debug */ = {
			isa = XCBuildConfiguration;
			buildSettings = {
				ARCHS = "$(ARCHS_STANDARD_INCLUDING_64_BIT)";
				FRAMEWORK_SEARCH_PATHS = (
					"$(SDKROOT)/Developer/Library/Frameworks",
					"$(inherited)",
					"$(DEVELOPER_FRAMEWORKS_DIR)",
				);
				GCC_PRECOMPILE_PREFIX_HEADER = YES;
				GCC_PREFIX_HEADER = "ILPDFKit/ILPDFKit-Prefix.pch";
				GCC_PREPROCESSOR_DEFINITIONS = (
					"DEBUG=1",
					"$(inherited)",
				);
				INFOPLIST_FILE = "ILPDFKitTests/ILPDFKitTests-Info.plist";
				PRODUCT_NAME = "$(TARGET_NAME)";
				WRAPPER_EXTENSION = xctest;
			};
			name = Debug;
		};
		8F26D93D185E7CB9005C00A4 /* Release */ = {
			isa = XCBuildConfiguration;
			buildSettings = {
				ARCHS = "$(ARCHS_STANDARD_INCLUDING_64_BIT)";
				FRAMEWORK_SEARCH_PATHS = (
					"$(SDKROOT)/Developer/Library/Frameworks",
					"$(inherited)",
					"$(DEVELOPER_FRAMEWORKS_DIR)",
				);
				GCC_PRECOMPILE_PREFIX_HEADER = YES;
				GCC_PREFIX_HEADER = "ILPDFKit/ILPDFKit-Prefix.pch";
				INFOPLIST_FILE = "ILPDFKitTests/ILPDFKitTests-Info.plist";
				PRODUCT_NAME = "$(TARGET_NAME)";
				WRAPPER_EXTENSION = xctest;
			};
			name = Release;
		};
/* End XCBuildConfiguration section */

/* Begin XCConfigurationList section */
		8F26D910185E7CB9005C00A4 /* Build configuration list for PBXProject "ILPDFKit" */ = {
			isa = XCConfigurationList;
			buildConfigurations = (
				8F26D936185E7CB9005C00A4 /* Debug */,
				8F26D937185E7CB9005C00A4 /* Release */,
			);
			defaultConfigurationIsVisible = 0;
			defaultConfigurationName = Release;
		};
		8F26D938185E7CB9005C00A4 /* Build configuration list for PBXNativeTarget "ILPDFKit" */ = {
			isa = XCConfigurationList;
			buildConfigurations = (
				8F26D939185E7CB9005C00A4 /* Debug */,
				8F26D93A185E7CB9005C00A4 /* Release */,
			);
			defaultConfigurationIsVisible = 0;
		};
		8F26D93B185E7CB9005C00A4 /* Build configuration list for PBXNativeTarget "ILPDFKitTests" */ = {
			isa = XCConfigurationList;
			buildConfigurations = (
				8F26D93C185E7CB9005C00A4 /* Debug */,
				8F26D93D185E7CB9005C00A4 /* Release */,
			);
			defaultConfigurationIsVisible = 0;
		};
/* End XCConfigurationList section */
	};
	rootObject = 8F26D90D185E7CB9005C00A4 /* Project object */;
}
