PODS:
  - ILPDFKit (2.0.0)
  - Nimble (9.0.0)
  - Quick (3.0.0)

DEPENDENCIES:
  - ILPDFKit (from `../`)
  - Nimble
  - Quick

SPEC REPOS:
  https://github.com/CocoaPods/Specs.git:
    - Nimble
    - Quick

EXTERNAL SOURCES:
  ILPDFKit:
    :path: "../"

SPEC CHECKSUMS:
  ILPDFKit: ad74fbdd661316e1c1791a35a1160f7cb2eb8d05
  Nimble: 3b4ec3fd40f1dc178058e0981107721c615643d8
  Quick: 6d9559f40647bc4d510103842ef2fdd882d753e2

PODFILE CHECKSUM: 74db57af1a7e3d773b3a015c3e0ef43c5d76243d

COCOAPODS: 1.10.0
