PODS:
  - ILPDFKit (1.0.6)
  - Nimble (5.1.1)
  - Quick (0.10.0)

DEPENDENCIES:
  - ILPDFKit (from `../`)
  - Nimble (~> 5.1.0)
  - Quick (~> 0.10.0)

EXTERNAL SOURCES:
  ILPDFKit:
    :path: "../"

SPEC CHECKSUMS:
  ILPDFKit: dd0f62ddc1987a239f8e57ce6e4f0ddd27742c7e
  Nimble: 415e3aa3267e7bc2c96b05fa814ddea7bb686a29
  Quick: 5d290df1c69d5ee2f0729956dcf0fd9a30447eaa

PODFILE CHECKSUM: 5c0758fcce101e358cd32ab3289fdbc692497963

COCOAPODS: 1.1.1
