PODS:
  - ILPDFKit (1.1.7)
  - Nimble (6.1.0)
  - Quick (1.1.0)

DEPENDENCIES:
  - ILPDFKit (from `../`)
  - Nimble (~> 6.1.0)
  - Quick (~> 1.1.0)

EXTERNAL SOURCES:
  ILPDFKit:
    :path: "../"

SPEC CHECKSUMS:
  ILPDFKit: de4299536744e8feb104c55e136ea1ba20675f31
  Nimble: c53e6903fee94041b90ded74f135820437d8bf59
  Quick: dafc587e21eed9f4cab3249b9f9015b0b7a7f71d

PODFILE CHECKSUM: e3635da86e1abf4c4869f2f02fc50fd4fd157d34

COCOAPODS: 1.2.0
