// !$*UTF8*$!
{
	archiveVersion = 1;
	classes = {
	};
	objectVersion = 46;
	objects = {

/* Begin PBXBuildFile section */
		06BA63021EA17BDF00E98D85 /* ILPDFKitUITests.swift in Sources */ = {isa = PBXBuildFile; fileRef = 06BA63011EA17BDF00E98D85 /* ILPDFKitUITests.swift */; };
		06EE77981D3CBD84002E05F2 /* AppDelegate.swift in Sources */ = {isa = PBXBuildFile; fileRef = 06EE77971D3CBD84002E05F2 /* AppDelegate.swift */; };
		06EE779D1D3CBD84002E05F2 /* Main.storyboard in Resources */ = {isa = PBXBuildFile; fileRef = 06EE779B1D3CBD84002E05F2 /* Main.storyboard */; };
		06EE779F1D3CBD84002E05F2 /* Assets.xcassets in Resources */ = {isa = PBXBuildFile; fileRef = 06EE779E1D3CBD84002E05F2 /* Assets.xcassets */; };
		06EE77A21D3CBD84002E05F2 /* LaunchScreen.storyboard in Resources */ = {isa = PBXBuildFile; fileRef = 06EE77A01D3CBD84002E05F2 /* LaunchScreen.storyboard */; };
		06F94F511EA0FE4B008F9628 /* testA.pdf in Resources */ = {isa = PBXBuildFile; fileRef = 06F94F4F1EA0FE4B008F9628 /* testA.pdf */; };
		35EF6E6D77A1DD7956C2415F /* Pods_ILPDFKitUITests.framework in Frameworks */ = {isa = PBXBuildFile; fileRef = 2A9E90F7AFCF5BB399E5C54A /* Pods_ILPDFKitUITests.framework */; };
		B045ADC08D532B1348C1B990 /* Pods_ILPDFKitExample.framework in Frameworks */ = {isa = PBXBuildFile; fileRef = DB7C19166A7C5BB64A0FF269 /* Pods_ILPDFKitExample.framework */; };
/* End PBXBuildFile section */

/* Begin PBXContainerItemProxy section */
		06BA63041EA17BDF00E98D85 /* PBXContainerItemProxy */ = {
			isa = PBXContainerItemProxy;
			containerPortal = 06EE778C1D3CBD83002E05F2 /* Project object */;
			proxyType = 1;
			remoteGlobalIDString = 06EE77931D3CBD84002E05F2;
			remoteInfo = ILPDFKitExample;
		};
/* End PBXContainerItemProxy section */

/* Begin PBXFileReference section */
		06BA62FF1EA17BDF00E98D85 /* ILPDFKitUITests.xctest */ = {isa = PBXFileReference; explicitFileType = wrapper.cfbundle; includeInIndex = 0; path = ILPDFKitUITests.xctest; sourceTree = BUILT_PRODUCTS_DIR; };
		06BA63011EA17BDF00E98D85 /* ILPDFKitUITests.swift */ = {isa = PBXFileReference; lastKnownFileType = sourcecode.swift; path = ILPDFKitUITests.swift; sourceTree = "<group>"; };
		06BA63031EA17BDF00E98D85 /* Info.plist */ = {isa = PBXFileReference; lastKnownFileType = text.plist.xml; path = Info.plist; sourceTree = "<group>"; };
		06EE77941D3CBD84002E05F2 /* ILPDFKitExample.app */ = {isa = PBXFileReference; explicitFileType = wrapper.application; includeInIndex = 0; path = ILPDFKitExample.app; sourceTree = BUILT_PRODUCTS_DIR; };
		06EE77971D3CBD84002E05F2 /* AppDelegate.swift */ = {isa = PBXFileReference; lastKnownFileType = sourcecode.swift; lineEnding = 0; path = AppDelegate.swift; sourceTree = "<group>"; xcLanguageSpecificationIdentifier = xcode.lang.swift; };
		06EE779C1D3CBD84002E05F2 /* Base */ = {isa = PBXFileReference; lastKnownFileType = file.storyboard; name = Base; path = Base.lproj/Main.storyboard; sourceTree = "<group>"; };
		06EE779E1D3CBD84002E05F2 /* Assets.xcassets */ = {isa = PBXFileReference; lastKnownFileType = folder.assetcatalog; path = Assets.xcassets; sourceTree = "<group>"; };
		06EE77A11D3CBD84002E05F2 /* Base */ = {isa = PBXFileReference; lastKnownFileType = file.storyboard; name = Base; path = Base.lproj/LaunchScreen.storyboard; sourceTree = "<group>"; };
		06EE77A31D3CBD84002E05F2 /* Info.plist */ = {isa = PBXFileReference; lastKnownFileType = text.plist.xml; path = Info.plist; sourceTree = "<group>"; };
		06F94F4F1EA0FE4B008F9628 /* testA.pdf */ = {isa = PBXFileReference; lastKnownFileType = image.pdf; path = testA.pdf; sourceTree = "<group>"; };
		2A9E90F7AFCF5BB399E5C54A /* Pods_ILPDFKitUITests.framework */ = {isa = PBXFileReference; explicitFileType = wrapper.framework; includeInIndex = 0; path = Pods_ILPDFKitUITests.framework; sourceTree = BUILT_PRODUCTS_DIR; };
		4F8F47156EE41F307361EC3C /* Pods-ILPDFKitUITests.release.xcconfig */ = {isa = PBXFileReference; includeInIndex = 1; lastKnownFileType = text.xcconfig; name = "Pods-ILPDFKitUITests.release.xcconfig"; path = "Pods/Target Support Files/Pods-ILPDFKitUITests/Pods-ILPDFKitUITests.release.xcconfig"; sourceTree = "<group>"; };
		6C3BA1489FE59B1646CC335F /* Pods-ILPDFKitExample.release.xcconfig */ = {isa = PBXFileReference; includeInIndex = 1; lastKnownFileType = text.xcconfig; name = "Pods-ILPDFKitExample.release.xcconfig"; path = "Pods/Target Support Files/Pods-ILPDFKitExample/Pods-ILPDFKitExample.release.xcconfig"; sourceTree = "<group>"; };
		9BE1BB9C769A4C09A8450467 /* Pods-ILPDFKitUITests.debug.xcconfig */ = {isa = PBXFileReference; includeInIndex = 1; lastKnownFileType = text.xcconfig; name = "Pods-ILPDFKitUITests.debug.xcconfig"; path = "Pods/Target Support Files/Pods-ILPDFKitUITests/Pods-ILPDFKitUITests.debug.xcconfig"; sourceTree = "<group>"; };
		D866F6995ED2126F74728A6B /* Pods-ILPDFKitExample.debug.xcconfig */ = {isa = PBXFileReference; includeInIndex = 1; lastKnownFileType = text.xcconfig; name = "Pods-ILPDFKitExample.debug.xcconfig"; path = "Pods/Target Support Files/Pods-ILPDFKitExample/Pods-ILPDFKitExample.debug.xcconfig"; sourceTree = "<group>"; };
		DB7C19166A7C5BB64A0FF269 /* Pods_ILPDFKitExample.framework */ = {isa = PBXFileReference; explicitFileType = wrapper.framework; includeInIndex = 0; path = Pods_ILPDFKitExample.framework; sourceTree = BUILT_PRODUCTS_DIR; };
/* End PBXFileReference section */

/* Begin PBXFrameworksBuildPhase section */
		06BA62FC1EA17BDF00E98D85 /* Frameworks */ = {
			isa = PBXFrameworksBuildPhase;
			buildActionMask = 2147483647;
			files = (
				35EF6E6D77A1DD7956C2415F /* Pods_ILPDFKitUITests.framework in Frameworks */,
			);
			runOnlyForDeploymentPostprocessing = 0;
		};
		06EE77911D3CBD84002E05F2 /* Frameworks */ = {
			isa = PBXFrameworksBuildPhase;
			buildActionMask = 2147483647;
			files = (
				B045ADC08D532B1348C1B990 /* Pods_ILPDFKitExample.framework in Frameworks */,
			);
			runOnlyForDeploymentPostprocessing = 0;
		};
/* End PBXFrameworksBuildPhase section */

/* Begin PBXGroup section */
		06BA63001EA17BDF00E98D85 /* ILPDFKitUITests */ = {
			isa = PBXGroup;
			children = (
				06BA63011EA17BDF00E98D85 /* ILPDFKitUITests.swift */,
				06BA63031EA17BDF00E98D85 /* Info.plist */,
			);
			path = ILPDFKitUITests;
			sourceTree = "<group>";
		};
		06EE778B1D3CBD83002E05F2 = {
			isa = PBXGroup;
			children = (
				06EE77961D3CBD84002E05F2 /* ILPDFKitExample */,
				06BA63001EA17BDF00E98D85 /* ILPDFKitUITests */,
				06EE77951D3CBD84002E05F2 /* Products */,
				A09BF8C86AD46A557B60F4C9 /* Pods */,
				847B490589555F23979C12FE /* Frameworks */,
			);
			sourceTree = "<group>";
		};
		06EE77951D3CBD84002E05F2 /* Products */ = {
			isa = PBXGroup;
			children = (
				06EE77941D3CBD84002E05F2 /* ILPDFKitExample.app */,
				06BA62FF1EA17BDF00E98D85 /* ILPDFKitUITests.xctest */,
			);
			name = Products;
			sourceTree = "<group>";
		};
		06EE77961D3CBD84002E05F2 /* ILPDFKitExample */ = {
			isa = PBXGroup;
			children = (
				06F94F4D1EA0FE4B008F9628 /* PDFs */,
				06EE77971D3CBD84002E05F2 /* AppDelegate.swift */,
				06EE779B1D3CBD84002E05F2 /* Main.storyboard */,
				06EE779E1D3CBD84002E05F2 /* Assets.xcassets */,
				06EE77A01D3CBD84002E05F2 /* LaunchScreen.storyboard */,
				06EE77A31D3CBD84002E05F2 /* Info.plist */,
			);
			path = ILPDFKitExample;
			sourceTree = "<group>";
		};
		06F94F4D1EA0FE4B008F9628 /* PDFs */ = {
			isa = PBXGroup;
			children = (
				06F94F4F1EA0FE4B008F9628 /* testA.pdf */,
			);
			path = PDFs;
			sourceTree = "<group>";
		};
		847B490589555F23979C12FE /* Frameworks */ = {
			isa = PBXGroup;
			children = (
				DB7C19166A7C5BB64A0FF269 /* Pods_ILPDFKitExample.framework */,
				2A9E90F7AFCF5BB399E5C54A /* Pods_ILPDFKitUITests.framework */,
			);
			name = Frameworks;
			sourceTree = "<group>";
		};
		A09BF8C86AD46A557B60F4C9 /* Pods */ = {
			isa = PBXGroup;
			children = (
				D866F6995ED2126F74728A6B /* Pods-ILPDFKitExample.debug.xcconfig */,
				6C3BA1489FE59B1646CC335F /* Pods-ILPDFKitExample.release.xcconfig */,
				9BE1BB9C769A4C09A8450467 /* Pods-ILPDFKitUITests.debug.xcconfig */,
				4F8F47156EE41F307361EC3C /* Pods-ILPDFKitUITests.release.xcconfig */,
			);
			name = Pods;
			sourceTree = "<group>";
		};
/* End PBXGroup section */

/* Begin PBXNativeTarget section */
		06BA62FE1EA17BDF00E98D85 /* ILPDFKitUITests */ = {
			isa = PBXNativeTarget;
			buildConfigurationList = 06BA63081EA17BDF00E98D85 /* Build configuration list for PBXNativeTarget "ILPDFKitUITests" */;
			buildPhases = (
				28D11BCA79D26B660D77A02F /* [CP] Check Pods Manifest.lock */,
				06BA62FB1EA17BDF00E98D85 /* Sources */,
				06BA62FC1EA17BDF00E98D85 /* Frameworks */,
				06BA62FD1EA17BDF00E98D85 /* Resources */,
			);
			buildRules = (
			);
			dependencies = (
				06BA63051EA17BDF00E98D85 /* PBXTargetDependency */,
			);
			name = ILPDFKitUITests;
			productName = ILPDFKitUITests;
			productReference = 06BA62FF1EA17BDF00E98D85 /* ILPDFKitUITests.xctest */;
			productType = "com.apple.product-type.bundle.ui-testing";
		};
		06EE77931D3CBD84002E05F2 /* ILPDFKitExample */ = {
			isa = PBXNativeTarget;
			buildConfigurationList = 06EE77A61D3CBD84002E05F2 /* Build configuration list for PBXNativeTarget "ILPDFKitExample" */;
			buildPhases = (
				8A71982B9578ADF706C04A36 /* [CP] Check Pods Manifest.lock */,
				06EE77901D3CBD84002E05F2 /* Sources */,
				06EE77911D3CBD84002E05F2 /* Frameworks */,
				06EE77921D3CBD84002E05F2 /* Resources */,
				6EABB13971F20E9CE5F9D748 /* [CP] Embed Pods Frameworks */,
			);
			buildRules = (
			);
			dependencies = (
			);
			name = ILPDFKitExample;
			productName = ILPDFKitExample;
			productReference = 06EE77941D3CBD84002E05F2 /* ILPDFKitExample.app */;
			productType = "com.apple.product-type.application";
		};
/* End PBXNativeTarget section */

/* Begin PBXProject section */
		06EE778C1D3CBD83002E05F2 /* Project object */ = {
			isa = PBXProject;
			attributes = {
				LastSwiftUpdateCheck = 0830;
				LastUpgradeCheck = 0940;
				ORGANIZATIONNAME = "Derek Blair";
				TargetAttributes = {
					06BA62FE1EA17BDF00E98D85 = {
						CreatedOnToolsVersion = 8.3.1;
						DevelopmentTeam = AE39GGVA68;
						LastSwiftMigration = 0910;
						ProvisioningStyle = Automatic;
						TestTargetID = 06EE77931D3CBD84002E05F2;
					};
					06EE77931D3CBD84002E05F2 = {
						CreatedOnToolsVersion = 7.3.1;
						LastSwiftMigration = 0910;
					};
				};
			};
			buildConfigurationList = 06EE778F1D3CBD83002E05F2 /* Build configuration list for PBXProject "ILPDFKitExample" */;
			compatibilityVersion = "Xcode 3.2";
			developmentRegion = English;
			hasScannedForEncodings = 0;
			knownRegions = (
				en,
				Base,
			);
			mainGroup = 06EE778B1D3CBD83002E05F2;
			productRefGroup = 06EE77951D3CBD84002E05F2 /* Products */;
			projectDirPath = "";
			projectRoot = "";
			targets = (
				06EE77931D3CBD84002E05F2 /* ILPDFKitExample */,
				06BA62FE1EA17BDF00E98D85 /* ILPDFKitUITests */,
			);
		};
/* End PBXProject section */

/* Begin PBXResourcesBuildPhase section */
		06BA62FD1EA17BDF00E98D85 /* Resources */ = {
			isa = PBXResourcesBuildPhase;
			buildActionMask = 2147483647;
			files = (
			);
			runOnlyForDeploymentPostprocessing = 0;
		};
		06EE77921D3CBD84002E05F2 /* Resources */ = {
			isa = PBXResourcesBuildPhase;
			buildActionMask = 2147483647;
			files = (
				06EE77A21D3CBD84002E05F2 /* LaunchScreen.storyboard in Resources */,
				06EE779F1D3CBD84002E05F2 /* Assets.xcassets in Resources */,
				06EE779D1D3CBD84002E05F2 /* Main.storyboard in Resources */,
				06F94F511EA0FE4B008F9628 /* testA.pdf in Resources */,
			);
			runOnlyForDeploymentPostprocessing = 0;
		};
/* End PBXResourcesBuildPhase section */

/* Begin PBXShellScriptBuildPhase section */
		28D11BCA79D26B660D77A02F /* [CP] Check Pods Manifest.lock */ = {
			isa = PBXShellScriptBuildPhase;
			buildActionMask = 2147483647;
			files = (
			);
			inputPaths = (
				"${PODS_PODFILE_DIR_PATH}/Podfile.lock",
				"${PODS_ROOT}/Manifest.lock",
			);
			name = "[CP] Check Pods Manifest.lock";
			outputPaths = (
				"$(DERIVED_FILE_DIR)/Pods-ILPDFKitUITests-checkManifestLockResult.txt",
			);
			runOnlyForDeploymentPostprocessing = 0;
			shellPath = /bin/sh;
			shellScript = "diff \"${PODS_PODFILE_DIR_PATH}/Podfile.lock\" \"${PODS_ROOT}/Manifest.lock\" > /dev/null\nif [ $? != 0 ] ; then\n    # print error to STDERR\n    echo \"error: The sandbox is not in sync with the Podfile.lock. Run 'pod install' or update your CocoaPods installation.\" >&2\n    exit 1\nfi\n# This output is used by Xcode 'outputs' to avoid re-running this script phase.\necho \"SUCCESS\" > \"${SCRIPT_OUTPUT_FILE_0}\"\n";
			showEnvVarsInLog = 0;
		};
		6EABB13971F20E9CE5F9D748 /* [CP] Embed Pods Frameworks */ = {
			isa = PBXShellScriptBuildPhase;
			buildActionMask = 2147483647;
			files = (
			);
			inputPaths = (
				"${SRCROOT}/Pods/Target Support Files/Pods-ILPDFKitExample/Pods-ILPDFKitExample-frameworks.sh",
				"${BUILT_PRODUCTS_DIR}/ILPDFKit/ILPDFKit.framework",
			);
			name = "[CP] Embed Pods Frameworks";
			outputPaths = (
				"${TARGET_BUILD_DIR}/${FRAMEWORKS_FOLDER_PATH}/ILPDFKit.framework",
			);
			runOnlyForDeploymentPostprocessing = 0;
			shellPath = /bin/sh;
			shellScript = "\"${SRCROOT}/Pods/Target Support Files/Pods-ILPDFKitExample/Pods-ILPDFKitExample-frameworks.sh\"\n";
			showEnvVarsInLog = 0;
		};
		8A71982B9578ADF706C04A36 /* [CP] Check Pods Manifest.lock */ = {
			isa = PBXShellScriptBuildPhase;
			buildActionMask = 2147483647;
			files = (
			);
			inputPaths = (
				"${PODS_PODFILE_DIR_PATH}/Podfile.lock",
				"${PODS_ROOT}/Manifest.lock",
			);
			name = "[CP] Check Pods Manifest.lock";
			outputPaths = (
				"$(DERIVED_FILE_DIR)/Pods-ILPDFKitExample-checkManifestLockResult.txt",
			);
			runOnlyForDeploymentPostprocessing = 0;
			shellPath = /bin/sh;
			shellScript = "diff \"${PODS_PODFILE_DIR_PATH}/Podfile.lock\" \"${PODS_ROOT}/Manifest.lock\" > /dev/null\nif [ $? != 0 ] ; then\n    # print error to STDERR\n    echo \"error: The sandbox is not in sync with the Podfile.lock. Run 'pod install' or update your CocoaPods installation.\" >&2\n    exit 1\nfi\n# This output is used by Xcode 'outputs' to avoid re-running this script phase.\necho \"SUCCESS\" > \"${SCRIPT_OUTPUT_FILE_0}\"\n";
			showEnvVarsInLog = 0;
		};
/* End PBXShellScriptBuildPhase section */

/* Begin PBXSourcesBuildPhase section */
		06BA62FB1EA17BDF00E98D85 /* Sources */ = {
			isa = PBXSourcesBuildPhase;
			buildActionMask = 2147483647;
			files = (
				06BA63021EA17BDF00E98D85 /* ILPDFKitUITests.swift in Sources */,
			);
			runOnlyForDeploymentPostprocessing = 0;
		};
		06EE77901D3CBD84002E05F2 /* Sources */ = {
			isa = PBXSourcesBuildPhase;
			buildActionMask = 2147483647;
			files = (
				06EE77981D3CBD84002E05F2 /* AppDelegate.swift in Sources */,
			);
			runOnlyForDeploymentPostprocessing = 0;
		};
/* End PBXSourcesBuildPhase section */

/* Begin PBXTargetDependency section */
		06BA63051EA17BDF00E98D85 /* PBXTargetDependency */ = {
			isa = PBXTargetDependency;
			target = 06EE77931D3CBD84002E05F2 /* ILPDFKitExample */;
			targetProxy = 06BA63041EA17BDF00E98D85 /* PBXContainerItemProxy */;
		};
/* End PBXTargetDependency section */

/* Begin PBXVariantGroup section */
		06EE779B1D3CBD84002E05F2 /* Main.storyboard */ = {
			isa = PBXVariantGroup;
			children = (
				06EE779C1D3CBD84002E05F2 /* Base */,
			);
			name = Main.storyboard;
			sourceTree = "<group>";
		};
		06EE77A01D3CBD84002E05F2 /* LaunchScreen.storyboard */ = {
			isa = PBXVariantGroup;
			children = (
				06EE77A11D3CBD84002E05F2 /* Base */,
			);
			name = LaunchScreen.storyboard;
			sourceTree = "<group>";
		};
/* End PBXVariantGroup section */

/* Begin XCBuildConfiguration section */
		06BA63061EA17BDF00E98D85 /* Debug */ = {
			isa = XCBuildConfiguration;
			baseConfigurationReference = 9BE1BB9C769A4C09A8450467 /* Pods-ILPDFKitUITests.debug.xcconfig */;
			buildSettings = {
				CLANG_ANALYZER_NUMBER_OBJECT_CONVERSION = YES_AGGRESSIVE;
				CLANG_WARN_DOCUMENTATION_COMMENTS = YES;
				DEVELOPMENT_TEAM = AE39GGVA68;
				INFOPLIST_FILE = ILPDFKitUITests/Info.plist;
				IPHONEOS_DEPLOYMENT_TARGET = 10.3;
				LD_RUNPATH_SEARCH_PATHS = "$(inherited) @executable_path/Frameworks @loader_path/Frameworks";
				PRODUCT_BUNDLE_IDENTIFIER = xyz.derekb.ILPDFKitUITests;
				PRODUCT_NAME = "$(TARGET_NAME)";
				SWIFT_ACTIVE_COMPILATION_CONDITIONS = DEBUG;
				SWIFT_VERSION = 4.0;
				TEST_TARGET_NAME = ILPDFKitExample;
			};
			name = Debug;
		};
		06BA63071EA17BDF00E98D85 /* Release */ = {
			isa = XCBuildConfiguration;
			baseConfigurationReference = 4F8F47156EE41F307361EC3C /* Pods-ILPDFKitUITests.release.xcconfig */;
			buildSettings = {
				CLANG_ANALYZER_NUMBER_OBJECT_CONVERSION = YES_AGGRESSIVE;
				CLANG_WARN_DOCUMENTATION_COMMENTS = YES;
				DEVELOPMENT_TEAM = AE39GGVA68;
				INFOPLIST_FILE = ILPDFKitUITests/Info.plist;
				IPHONEOS_DEPLOYMENT_TARGET = 10.3;
				LD_RUNPATH_SEARCH_PATHS = "$(inherited) @executable_path/Frameworks @loader_path/Frameworks";
				PRODUCT_BUNDLE_IDENTIFIER = xyz.derekb.ILPDFKitUITests;
				PRODUCT_NAME = "$(TARGET_NAME)";
				SWIFT_VERSION = 4.0;
				TEST_TARGET_NAME = ILPDFKitExample;
			};
			name = Release;
		};
		06EE77A41D3CBD84002E05F2 /* Debug */ = {
			isa = XCBuildConfiguration;
			buildSettings = {
				ALWAYS_SEARCH_USER_PATHS = NO;
				CLANG_ANALYZER_NONNULL = YES;
				CLANG_CXX_LANGUAGE_STANDARD = "gnu++0x";
				CLANG_CXX_LIBRARY = "libc++";
				CLANG_ENABLE_MODULES = YES;
				CLANG_ENABLE_OBJC_ARC = YES;
				CLANG_WARN_BLOCK_CAPTURE_AUTORELEASING = YES;
				CLANG_WARN_BOOL_CONVERSION = YES;
				CLANG_WARN_COMMA = YES;
				CLANG_WARN_CONSTANT_CONVERSION = YES;
				CLANG_WARN_DEPRECATED_OBJC_IMPLEMENTATIONS = YES;
				CLANG_WARN_DIRECT_OBJC_ISA_USAGE = YES_ERROR;
				CLANG_WARN_EMPTY_BODY = YES;
				CLANG_WARN_ENUM_CONVERSION = YES;
				CLANG_WARN_INFINITE_RECURSION = YES;
				CLANG_WARN_INT_CONVERSION = YES;
				CLANG_WARN_NON_LITERAL_NULL_CONVERSION = YES;
				CLANG_WARN_OBJC_IMPLICIT_RETAIN_SELF = YES;
				CLANG_WARN_OBJC_LITERAL_CONVERSION = YES;
				CLANG_WARN_OBJC_ROOT_CLASS = YES_ERROR;
				CLANG_WARN_RANGE_LOOP_ANALYSIS = YES;
				CLANG_WARN_STRICT_PROTOTYPES = YES;
				CLANG_WARN_SUSPICIOUS_MOVE = YES;
				CLANG_WARN_UNREACHABLE_CODE = YES;
				CLANG_WARN__DUPLICATE_METHOD_MATCH = YES;
				"CODE_SIGN_IDENTITY[sdk=iphoneos*]" = "iPhone Developer";
				COPY_PHASE_STRIP = NO;
				DEBUG_INFORMATION_FORMAT = dwarf;
				ENABLE_STRICT_OBJC_MSGSEND = YES;
				ENABLE_TESTABILITY = YES;
				GCC_C_LANGUAGE_STANDARD = gnu99;
				GCC_DYNAMIC_NO_PIC = NO;
				GCC_NO_COMMON_BLOCKS = YES;
				GCC_OPTIMIZATION_LEVEL = 0;
				GCC_PREPROCESSOR_DEFINITIONS = (
					"DEBUG=1",
					"$(inherited)",
				);
				GCC_WARN_64_TO_32_BIT_CONVERSION = YES;
				GCC_WARN_ABOUT_RETURN_TYPE = YES_ERROR;
				GCC_WARN_UNDECLARED_SELECTOR = YES;
				GCC_WARN_UNINITIALIZED_AUTOS = YES_AGGRESSIVE;
				GCC_WARN_UNUSED_FUNCTION = YES;
				GCC_WARN_UNUSED_VARIABLE = YES;
				IPHONEOS_DEPLOYMENT_TARGET = 9.3;
				MTL_ENABLE_DEBUG_INFO = YES;
				ONLY_ACTIVE_ARCH = YES;
				SDKROOT = iphoneos;
				SWIFT_OPTIMIZATION_LEVEL = "-Onone";
				SWIFT_VERSION = 3.0;
				TARGETED_DEVICE_FAMILY = "1,2";
			};
			name = Debug;
		};
		06EE77A51D3CBD84002E05F2 /* Release */ = {
			isa = XCBuildConfiguration;
			buildSettings = {
				ALWAYS_SEARCH_USER_PATHS = NO;
				CLANG_ANALYZER_NONNULL = YES;
				CLANG_CXX_LANGUAGE_STANDARD = "gnu++0x";
				CLANG_CXX_LIBRARY = "libc++";
				CLANG_ENABLE_MODULES = YES;
				CLANG_ENABLE_OBJC_ARC = YES;
				CLANG_WARN_BLOCK_CAPTURE_AUTORELEASING = YES;
				CLANG_WARN_BOOL_CONVERSION = YES;
				CLANG_WARN_COMMA = YES;
				CLANG_WARN_CONSTANT_CONVERSION = YES;
				CLANG_WARN_DEPRECATED_OBJC_IMPLEMENTATIONS = YES;
				CLANG_WARN_DIRECT_OBJC_ISA_USAGE = YES_ERROR;
				CLANG_WARN_EMPTY_BODY = YES;
				CLANG_WARN_ENUM_CONVERSION = YES;
				CLANG_WARN_INFINITE_RECURSION = YES;
				CLANG_WARN_INT_CONVERSION = YES;
				CLANG_WARN_NON_LITERAL_NULL_CONVERSION = YES;
				CLANG_WARN_OBJC_IMPLICIT_RETAIN_SELF = YES;
				CLANG_WARN_OBJC_LITERAL_CONVERSION = YES;
				CLANG_WARN_OBJC_ROOT_CLASS = YES_ERROR;
				CLANG_WARN_RANGE_LOOP_ANALYSIS = YES;
				CLANG_WARN_STRICT_PROTOTYPES = YES;
				CLANG_WARN_SUSPICIOUS_MOVE = YES;
				CLANG_WARN_UNREACHABLE_CODE = YES;
				CLANG_WARN__DUPLICATE_METHOD_MATCH = YES;
				"CODE_SIGN_IDENTITY[sdk=iphoneos*]" = "iPhone Developer";
				COPY_PHASE_STRIP = NO;
				DEBUG_INFORMATION_FORMAT = "dwarf-with-dsym";
				ENABLE_NS_ASSERTIONS = NO;
				ENABLE_STRICT_OBJC_MSGSEND = YES;
				GCC_C_LANGUAGE_STANDARD = gnu99;
				GCC_NO_COMMON_BLOCKS = YES;
				GCC_WARN_64_TO_32_BIT_CONVERSION = YES;
				GCC_WARN_ABOUT_RETURN_TYPE = YES_ERROR;
				GCC_WARN_UNDECLARED_SELECTOR = YES;
				GCC_WARN_UNINITIALIZED_AUTOS = YES_AGGRESSIVE;
				GCC_WARN_UNUSED_FUNCTION = YES;
				GCC_WARN_UNUSED_VARIABLE = YES;
				IPHONEOS_DEPLOYMENT_TARGET = 9.3;
				MTL_ENABLE_DEBUG_INFO = NO;
				SDKROOT = iphoneos;
				SWIFT_OPTIMIZATION_LEVEL = "-Owholemodule";
				SWIFT_VERSION = 3.0;
				TARGETED_DEVICE_FAMILY = "1,2";
				VALIDATE_PRODUCT = YES;
			};
			name = Release;
		};
		06EE77A71D3CBD84002E05F2 /* Debug */ = {
			isa = XCBuildConfiguration;
			baseConfigurationReference = D866F6995ED2126F74728A6B /* Pods-ILPDFKitExample.debug.xcconfig */;
			buildSettings = {
				ALWAYS_EMBED_SWIFT_STANDARD_LIBRARIES = YES;
				ASSETCATALOG_COMPILER_APPICON_NAME = AppIcon;
				INFOPLIST_FILE = ILPDFKitExample/Info.plist;
				LD_RUNPATH_SEARCH_PATHS = "$(inherited) @executable_path/Frameworks";
				PRODUCT_BUNDLE_IDENTIFIER = xyz.derekb.ILPDFKitExample;
				PRODUCT_NAME = "$(TARGET_NAME)";
				SWIFT_VERSION = 4.0;
			};
			name = Debug;
		};
		06EE77A81D3CBD84002E05F2 /* Release */ = {
			isa = XCBuildConfiguration;
			baseConfigurationReference = 6C3BA1489FE59B1646CC335F /* Pods-ILPDFKitExample.release.xcconfig */;
			buildSettings = {
				ALWAYS_EMBED_SWIFT_STANDARD_LIBRARIES = YES;
				ASSETCATALOG_COMPILER_APPICON_NAME = AppIcon;
				INFOPLIST_FILE = ILPDFKitExample/Info.plist;
				LD_RUNPATH_SEARCH_PATHS = "$(inherited) @executable_path/Frameworks";
				PRODUCT_BUNDLE_IDENTIFIER = xyz.derekb.ILPDFKitExample;
				PRODUCT_NAME = "$(TARGET_NAME)";
				SWIFT_VERSION = 4.0;
			};
			name = Release;
		};
/* End XCBuildConfiguration section */

/* Begin XCConfigurationList section */
		06BA63081EA17BDF00E98D85 /* Build configuration list for PBXNativeTarget "ILPDFKitUITests" */ = {
			isa = XCConfigurationList;
			buildConfigurations = (
				06BA63061EA17BDF00E98D85 /* Debug */,
				06BA63071EA17BDF00E98D85 /* Release */,
			);
			defaultConfigurationIsVisible = 0;
			defaultConfigurationName = Release;
		};
		06EE778F1D3CBD83002E05F2 /* Build configuration list for PBXProject "ILPDFKitExample" */ = {
			isa = XCConfigurationList;
			buildConfigurations = (
				06EE77A41D3CBD84002E05F2 /* Debug */,
				06EE77A51D3CBD84002E05F2 /* Release */,
			);
			defaultConfigurationIsVisible = 0;
			defaultConfigurationName = Release;
		};
		06EE77A61D3CBD84002E05F2 /* Build configuration list for PBXNativeTarget "ILPDFKitExample" */ = {
			isa = XCConfigurationList;
			buildConfigurations = (
				06EE77A71D3CBD84002E05F2 /* Debug */,
				06EE77A81D3CBD84002E05F2 /* Release */,
			);
			defaultConfigurationIsVisible = 0;
			defaultConfigurationName = Release;
		};
/* End XCConfigurationList section */
	};
	rootObject = 06EE778C1D3CBD83002E05F2 /* Project object */;
}
